# This file is automatically @generated by Poetry 1.7.1 and should not be changed by hand.

[[package]]
name = "astor"
version = "0.8.1"
description = "Read/rewrite/write Python ASTs"
optional = false
python-versions = "!=3.0.*,!=3.1.*,!=3.2.*,!=3.3.*,>=2.7"
files = [
    {file = "astor-0.8.1-py2.py3-none-any.whl", hash = "sha256:070a54e890cefb5b3739d19f30f5a5ec840ffc9c50ffa7d23cc9fc1a38ebbfc5"},
    {file = "astor-0.8.1.tar.gz", hash = "sha256:6a6effda93f4e1ce9f618779b2dd1d9d84f1e32812c23a29b3fff6fd7f63fa5e"},
]

[[package]]
name = "attrs"
version = "23.2.0"
description = "Classes Without Boilerplate"
optional = false
python-versions = ">=3.7"
files = [
    {file = "attrs-23.2.0-py3-none-any.whl", hash = "sha256:99b87a485a5820b23b879f04c2305b44b951b502fd64be915879d77a7e8fc6f1"},
    {file = "attrs-23.2.0.tar.gz", hash = "sha256:935dc3b529c262f6cf76e50877d35a4bd3c1de194fd41f47a2b7ae8f19971f30"},
]

[package.extras]
cov = ["attrs[tests]", "coverage[toml] (>=5.3)"]
dev = ["attrs[tests]", "pre-commit"]
docs = ["furo", "myst-parser", "sphinx", "sphinx-notfound-page", "sphinxcontrib-towncrier", "towncrier", "zope-interface"]
tests = ["attrs[tests-no-zope]", "zope-interface"]
tests-mypy = ["mypy (>=1.6)", "pytest-mypy-plugins"]
tests-no-zope = ["attrs[tests-mypy]", "cloudpickle", "hypothesis", "pympler", "pytest (>=4.3.0)", "pytest-xdist[psutil]"]

[[package]]
name = "click"
version = "8.1.7"
description = "Composable command line interface toolkit"
optional = false
python-versions = ">=3.7"
files = [
    {file = "click-8.1.7-py3-none-any.whl", hash = "sha256:ae74fb96c20a0277a1d615f1e4d73c8414f5a98db8b799a7931d1582f3390c28"},
    {file = "click-8.1.7.tar.gz", hash = "sha256:ca9853ad459e787e2192211578cc907e7594e294c7ccc834310722b41b9ca6de"},
]

[package.dependencies]
colorama = {version = "*", markers = "platform_system == \"Windows\""}

[[package]]
name = "cognitive-complexity"
version = "1.3.0"
description = "Library to calculate Python functions cognitive complexity via code"
optional = false
python-versions = ">=3.6"
files = [
    {file = "cognitive_complexity-1.3.0.tar.gz", hash = "sha256:a0cfbd47dee0b19f4056f892389f501694b205c3af69fb703cc744541e03dde5"},
]

[package.dependencies]
setuptools = "*"

[[package]]
name = "colorama"
version = "0.4.6"
description = "Cross-platform colored terminal text."
optional = false
python-versions = "!=3.0.*,!=3.1.*,!=3.2.*,!=3.3.*,!=3.4.*,!=3.5.*,!=3.6.*,>=2.7"
files = [
    {file = "colorama-0.4.6-py2.py3-none-any.whl", hash = "sha256:4f1d9991f5acc0ca119f9d443620b77f9d6b33703e51011c16baf57afb285fc6"},
    {file = "colorama-0.4.6.tar.gz", hash = "sha256:08695f5cb7ed6e0531a20572697297273c47b8cae5a63ffc6d6ed5c201be6e44"},
]

[[package]]
name = "flake8"
version = "6.1.0"
description = "the modular source code checker: pep8 pyflakes and co"
optional = false
python-versions = ">=3.8.1"
files = [
    {file = "flake8-6.1.0-py2.py3-none-any.whl", hash = "sha256:ffdfce58ea94c6580c77888a86506937f9a1a227dfcd15f245d694ae20a6b6e5"},
    {file = "flake8-6.1.0.tar.gz", hash = "sha256:d5b3857f07c030bdb5bf41c7f53799571d75c4491748a3adcd47de929e34cd23"},
]

[package.dependencies]
mccabe = ">=0.7.0,<0.8.0"
pycodestyle = ">=2.11.0,<2.12.0"
pyflakes = ">=3.1.0,<3.2.0"

[[package]]
name = "flake8-alfred"
version = "1.1.1"
description = "Flake8 plugin warning for unsafe functions"
optional = false
python-versions = ">=3.6"
files = [
    {file = "flake8-alfred-1.1.1.tar.gz", hash = "sha256:c68b40165b00d3c9f0da6e64f08e95da919fc358dc8b8596374f54fa63cd6be5"},
    {file = "flake8_alfred-1.1.1-py3-none-any.whl", hash = "sha256:3cce4a91fe07b50b5efcb650f5f13901052b64c3850f9cf10cce330efab6b34d"},
]

[package.dependencies]
flake8 = "*"

[[package]]
name = "flake8-annotations"
version = "3.0.1"
description = "Flake8 Type Annotation Checks"
optional = false
python-versions = ">=3.8.1"
files = [
    {file = "flake8_annotations-3.0.1-py3-none-any.whl", hash = "sha256:af78e3216ad800d7e144745ece6df706c81b3255290cbf870e54879d495e8ade"},
    {file = "flake8_annotations-3.0.1.tar.gz", hash = "sha256:ff37375e71e3b83f2a5a04d443c41e2c407de557a884f3300a7fa32f3c41cb0a"},
]

[package.dependencies]
attrs = ">=21.4"
flake8 = ">=5.0"

[[package]]
name = "flake8-bugbear"
version = "23.12.2"
description = "A plugin for flake8 finding likely bugs and design problems in your program. Contains warnings that don't belong in pyflakes and pycodestyle."
optional = false
python-versions = ">=3.8.1"
files = [
    {file = "flake8-bugbear-23.12.2.tar.gz", hash = "sha256:32b2903e22331ae04885dae25756a32a8c666c85142e933f43512a70f342052a"},
    {file = "flake8_bugbear-23.12.2-py3-none-any.whl", hash = "sha256:83324bad4d90fee4bf64dd69c61aff94debf8073fbd807c8b6a36eec7a2f0719"},
]

[package.dependencies]
attrs = ">=19.2.0"
flake8 = ">=6.0.0"

[package.extras]
dev = ["coverage", "hypothesis", "hypothesmith (>=0.2)", "pre-commit", "pytest", "tox"]

[[package]]
name = "flake8-builtins"
version = "2.2.0"
description = "Check for python builtins being used as variables or parameters"
optional = false
python-versions = ">=3.8"
files = [
    {file = "flake8_builtins-2.2.0-py3-none-any.whl", hash = "sha256:7ee5766d9c60e5d579dfda84e65c6d0e6c26005f6f59cb9bf722462d7987a807"},
    {file = "flake8_builtins-2.2.0.tar.gz", hash = "sha256:392d5af3a0720c5a863aa93dc47f48c879081345a143fe9f20d995fe9ff5686a"},
]

[package.dependencies]
flake8 = "*"

[package.extras]
test = ["pytest"]

[[package]]
name = "flake8-cognitive-complexity"
version = "0.1.0"
description = "An extension for flake8 that validates cognitive functions complexity"
optional = false
python-versions = ">=3.6"
files = [
    {file = "flake8_cognitive_complexity-0.1.0.tar.gz", hash = "sha256:f202df054e4f6ff182b659c261922b9c684628a47beb19cb0973c50d6a7831c1"},
]

[package.dependencies]
cognitive_complexity = "*"
setuptools = "*"

[[package]]
name = "flake8-functions"
version = "0.0.8"
description = "A flake8 extension that checks functions"
optional = false
python-versions = "*"
files = [
    {file = "flake8_functions-0.0.8-py3-none-any.whl", hash = "sha256:e1a88aa634d1aff6973f8c9dd64f30ab2beaac661e52eea96929ccc7ee7f64df"},
    {file = "flake8_functions-0.0.8.tar.gz", hash = "sha256:5446626673a9faecbf389fb411b90bdc87b002c387b72dc097b208e7a58f2a1c"},
]

[package.dependencies]
mr-proper = "*"
setuptools = "*"

[[package]]
name = "flake8-functions-names"
version = "0.4.0"
description = "An extension for flake8 that validates functions names, decomposition and conformity with annotations."
optional = false
python-versions = ">=3.8"
files = [
    {file = "flake8_functions_names-0.4.0.tar.gz", hash = "sha256:27aeb881636680a130f609482c1d0f37d1b2e84a76b20b813d079c888ee0a13e"},
]

[package.dependencies]
setuptools = "*"

[[package]]
name = "flake8-print"
version = "5.0.0"
description = "print statement checker plugin for flake8"
optional = false
python-versions = ">=3.7"
files = [
    {file = "flake8-print-5.0.0.tar.gz", hash = "sha256:76915a2a389cc1c0879636c219eb909c38501d3a43cc8dae542081c9ba48bdf9"},
    {file = "flake8_print-5.0.0-py3-none-any.whl", hash = "sha256:84a1a6ea10d7056b804221ac5e62b1cee1aefc897ce16f2e5c42d3046068f5d8"},
]

[package.dependencies]
flake8 = ">=3.0"
pycodestyle = "*"

[[package]]
name = "flake8-pytest"
version = "1.4"
description = "pytest assert checker plugin for flake8"
optional = false
python-versions = "*"
files = [
    {file = "flake8-pytest-1.4.tar.gz", hash = "sha256:19f543b2d1cc89d61b76f19d0a9e58e9a110a035175f701b3425c363a7732c56"},
    {file = "flake8_pytest-1.4-py2.py3-none-any.whl", hash = "sha256:97328f258ffad9fe18babb3b0714a16b121505ad3ac87d4e33020874555d0784"},
]

[package.dependencies]
flake8 = "*"

[[package]]
name = "flake8-simplify"
version = "0.21.0"
description = "flake8 plugin which checks for code that can be simplified"
optional = false
python-versions = ">=3.6.1"
files = [
    {file = "flake8_simplify-0.21.0-py3-none-any.whl", hash = "sha256:439391e762a9370b371208add0b5c5c40c3d25a98e1f5421d263215d08194183"},
    {file = "flake8_simplify-0.21.0.tar.gz", hash = "sha256:c95ff1dcc1de5949af47e0087cbf1164445881131b15bcd7a71252670f492f4d"},
]

[package.dependencies]
astor = ">=0.1"
flake8 = ">=3.7"

[[package]]
name = "flake8-string-format"
version = "0.3.0"
description = "string format checker, plugin for flake8"
optional = false
python-versions = "*"
files = [
    {file = "flake8-string-format-0.3.0.tar.gz", hash = "sha256:65f3da786a1461ef77fca3780b314edb2853c377f2e35069723348c8917deaa2"},
    {file = "flake8_string_format-0.3.0-py2.py3-none-any.whl", hash = "sha256:812ff431f10576a74c89be4e85b8e075a705be39bc40c4b4278b5b13e2afa9af"},
]

[package.dependencies]
flake8 = "*"

[[package]]
name = "flake8-use-fstring"
version = "1.4"
description = "Flake8 plugin for string formatting style."
optional = false
python-versions = ">=3.6"
files = [
    {file = "flake8-use-fstring-1.4.tar.gz", hash = "sha256:6550bf722585eb97dffa8343b0f1c372101f5c4ab5b07ebf0edd1c79880cdd39"},
]

[package.dependencies]
flake8 = ">=3"

[package.extras]
ci = ["coverage (==4.*)", "coveralls", "flake8-builtins", "flake8-commas", "flake8-fixme", "flake8-print", "flake8-quotes", "flake8-todo", "pytest (>=4)", "pytest-cov (>=2)"]
dev = ["coverage (==4.*)", "flake8-builtins", "flake8-commas", "flake8-fixme", "flake8-print", "flake8-quotes", "flake8-todo", "pytest (>=4)", "pytest-cov (>=2)"]
test = ["coverage (==4.*)", "flake8-builtins", "flake8-commas", "flake8-fixme", "flake8-print", "flake8-quotes", "flake8-todo", "pytest (>=4)", "pytest-cov (>=2)"]

[[package]]
name = "iniconfig"
version = "2.0.0"
description = "brain-dead simple config-ini parsing"
optional = false
python-versions = ">=3.7"
files = [
    {file = "iniconfig-2.0.0-py3-none-any.whl", hash = "sha256:b6a85871a79d2e3b22d2d1b94ac2824226a63c6b741c88f7ae975f18b6778374"},
    {file = "iniconfig-2.0.0.tar.gz", hash = "sha256:2d91e135bf72d31a410b17c16da610a82cb55f6b0477d1a902134b24a455b8b3"},
]

[[package]]
name = "mccabe"
version = "0.7.0"
description = "McCabe checker, plugin for flake8"
optional = false
python-versions = ">=3.6"
files = [
    {file = "mccabe-0.7.0-py2.py3-none-any.whl", hash = "sha256:6c2d30ab6be0e4a46919781807b4f0d834ebdd6c6e3dca0bda5a15f863427b6e"},
    {file = "mccabe-0.7.0.tar.gz", hash = "sha256:348e0240c33b60bbdf4e523192ef919f28cb2c3d7d5c7794f74009290f236325"},
]

[[package]]
name = "mr-proper"
version = "0.0.7"
description = "Static Python code analyzer, that tries to check if functions in code are pure or not and why."
optional = false
python-versions = "*"
files = [
    {file = "mr_proper-0.0.7-py3-none-any.whl", hash = "sha256:74a1b60240c46f10ba518707ef72811a01e5c270da0a78b5dd2dd923d99fdb14"},
    {file = "mr_proper-0.0.7.tar.gz", hash = "sha256:03b517b19e617537f711ce418b125e5f2efd82ec881539cdee83195c78c14a02"},
]

[package.dependencies]
click = ">=7.1.2"
setuptools = "*"
stdlib-list = ">=0.5.0"

[[package]]
name = "packaging"
version = "23.2"
description = "Core utilities for Python packages"
optional = false
python-versions = ">=3.7"
files = [
    {file = "packaging-23.2-py3-none-any.whl", hash = "sha256:8c491190033a9af7e1d931d0b5dacc2ef47509b34dd0de67ed209b5203fc88c7"},
    {file = "packaging-23.2.tar.gz", hash = "sha256:048fb0e9405036518eaaf48a55953c750c11e1a1b68e0dd1a9d62ed0c092cfc5"},
]

[[package]]
name = "pluggy"
version = "1.3.0"
description = "plugin and hook calling mechanisms for python"
optional = false
python-versions = ">=3.8"
files = [
    {file = "pluggy-1.3.0-py3-none-any.whl", hash = "sha256:d89c696a773f8bd377d18e5ecda92b7a3793cbe66c87060a6fb58c7b6e1061f7"},
    {file = "pluggy-1.3.0.tar.gz", hash = "sha256:cf61ae8f126ac6f7c451172cf30e3e43d3ca77615509771b3a984a0730651e12"},
]

[package.extras]
dev = ["pre-commit", "tox"]
testing = ["pytest", "pytest-benchmark"]

[[package]]
name = "pycodestyle"
version = "2.11.1"
description = "Python style guide checker"
optional = false
python-versions = ">=3.8"
files = [
    {file = "pycodestyle-2.11.1-py2.py3-none-any.whl", hash = "sha256:44fe31000b2d866f2e41841b18528a505fbd7fef9017b04eff4e2648a0fadc67"},
    {file = "pycodestyle-2.11.1.tar.gz", hash = "sha256:41ba0e7afc9752dfb53ced5489e89f8186be00e599e712660695b7a75ff2663f"},
]

[[package]]
name = "pyflakes"
version = "3.1.0"
description = "passive checker of Python programs"
optional = false
python-versions = ">=3.8"
files = [
    {file = "pyflakes-3.1.0-py2.py3-none-any.whl", hash = "sha256:4132f6d49cb4dae6819e5379898f2b8cce3c5f23994194c24b77d5da2e36f774"},
    {file = "pyflakes-3.1.0.tar.gz", hash = "sha256:a0aae034c444db0071aa077972ba4768d40c830d9539fd45bf4cd3f8f6992efc"},
]

[[package]]
name = "pyproject-flake8"
version = "6.1.0"
description = "pyproject-flake8 (`pflake8`), a monkey patching wrapper to connect flake8 with pyproject.toml configuration"
optional = false
python-versions = ">=3.8.1"
files = [
    {file = "pyproject_flake8-6.1.0-py3-none-any.whl", hash = "sha256:86ea5559263c098e1aa4f866776aa2cf45362fd91a576b9fd8fbbbb55db12c4e"},
    {file = "pyproject_flake8-6.1.0.tar.gz", hash = "sha256:6da8e5a264395e0148bc11844c6fb50546f1fac83ac9210f7328664135f9e70f"},
]

[package.dependencies]
flake8 = "6.1.0"

[[package]]
name = "pytest"
version = "7.4.4"
description = "pytest: simple powerful testing with Python"
optional = false
python-versions = ">=3.7"
files = [
    {file = "pytest-7.4.4-py3-none-any.whl", hash = "sha256:b090cdf5ed60bf4c45261be03239c2c1c22df034fbffe691abe93cd80cea01d8"},
    {file = "pytest-7.4.4.tar.gz", hash = "sha256:2cf0005922c6ace4a3e2ec8b4080eb0d9753fdc93107415332f50ce9e7994280"},
]

[package.dependencies]
colorama = {version = "*", markers = "sys_platform == \"win32\""}
iniconfig = "*"
packaging = "*"
pluggy = ">=0.12,<2.0"

[package.extras]
testing = ["argcomplete", "attrs (>=19.2.0)", "hypothesis (>=3.56)", "mock", "nose", "pygments (>=2.7.2)", "requests", "setuptools", "xmlschema"]

[[package]]
name = "setuptools"
version = "69.0.3"
description = "Easily download, build, install, upgrade, and uninstall Python packages"
optional = false
python-versions = ">=3.8"
files = [
    {file = "setuptools-69.0.3-py3-none-any.whl", hash = "sha256:385eb4edd9c9d5c17540511303e39a147ce2fc04bc55289c322b9e5904fe2c05"},
    {file = "setuptools-69.0.3.tar.gz", hash = "sha256:be1af57fc409f93647f2e8e4573a142ed38724b8cdd389706a867bb4efcf1e78"},
]

[package.extras]
docs = ["furo", "jaraco.packaging (>=9.3)", "jaraco.tidelift (>=1.4)", "pygments-github-lexers (==0.0.5)", "rst.linker (>=1.9)", "sphinx (<7.2.5)", "sphinx (>=3.5)", "sphinx-favicon", "sphinx-inline-tabs", "sphinx-lint", "sphinx-notfound-page (>=1,<2)", "sphinx-reredirects", "sphinxcontrib-towncrier"]
testing = ["build[virtualenv]", "filelock (>=3.4.0)", "flake8-2020", "ini2toml[lite] (>=0.9)", "jaraco.develop (>=7.21)", "jaraco.envs (>=2.2)", "jaraco.path (>=3.2.0)", "pip (>=19.1)", "pytest (>=6)", "pytest-black (>=0.3.7)", "pytest-checkdocs (>=2.4)", "pytest-cov", "pytest-enabler (>=2.2)", "pytest-mypy (>=0.9.1)", "pytest-perf", "pytest-ruff", "pytest-timeout", "pytest-xdist", "tomli-w (>=1.0.0)", "virtualenv (>=13.0.0)", "wheel"]
testing-integration = ["build[virtualenv] (>=1.0.3)", "filelock (>=3.4.0)", "jaraco.envs (>=2.2)", "jaraco.path (>=3.2.0)", "packaging (>=23.1)", "pytest", "pytest-enabler", "pytest-xdist", "tomli", "virtualenv (>=13.0.0)", "wheel"]

[[package]]
name = "stdlib-list"
version = "0.10.0"
description = "A list of Python Standard Libraries (2.7 through 3.12)."
optional = false
python-versions = ">=3.7"
files = [
    {file = "stdlib_list-0.10.0-py3-none-any.whl", hash = "sha256:b3a911bc441d03e0332dd1a9e7d0870ba3bb0a542a74d7524f54fb431256e214"},
    {file = "stdlib_list-0.10.0.tar.gz", hash = "sha256:6519c50d645513ed287657bfe856d527f277331540691ddeaf77b25459964a14"},
]

[package.extras]
dev = ["build", "stdlib-list[doc,lint,test]"]
doc = ["furo", "sphinx"]
lint = ["black", "mypy", "ruff"]
support = ["sphobjinv"]
test = ["coverage[toml]", "pytest", "pytest-cov"]

[metadata]
lock-version = "2.0"
python-versions = "^3.12"
content-hash = "cea3cb13b04adc2fc72946ba0aa772b63542afeb8e7e288eb68c708094e2beff"
